{
  "name": "vibeguard",
  "version": "0.1.0",
  "lockfileVersion": 3,
  "requires": true,
  "packages": {
    "": {
      "name": "vibeguard",
      "version": "0.1.0",
      "license": "Apache-2.0",
      "private": true,
      "workspaces": [
        "packages/cli",
        "packages/core",
        "packages/scanners",
        "packages/output"
      ],
      "bin": {
        "vibeguard": "dist/packages/cli/src/index.js"
      },
      "devDependencies": {
        "typescript": "6.0.3"
      },
      "engines": {
        "node": ">=20"
      }
    },
    "node_modules/@vibeguard/cli": {
      "resolved": "packages/cli",
      "link": true
    },
    "node_modules/@vibeguard/core": {
      "resolved": "packages/core",
      "link": true
    },
    "node_modules/@vibeguard/output": {
      "resolved": "packages/output",
      "link": true
    },
    "node_modules/@vibeguard/scanners": {
      "resolved": "packages/scanners",
      "link": true
    },
    "node_modules/typescript": {
      "version": "6.0.3",
      "resolved": "https://registry.npmjs.org/typescript/-/typescript-6.0.3.tgz",
      "integrity": "sha512-y2TvuxSZPDyQakkFRPZHKFm+KKVqIisdg9/CZwm9ftvKXLP8NRWj38/ODjNbr43SsoXqNuAisEf1GdCxqWcdBw==",
      "dev": true,
      "license": "Apache-2.0",
      "bin": {
        "tsc": "bin/tsc",
        "tsserver": "bin/tsserver"
      },
      "engines": {
        "node": ">=14.17"
      }
    },
    "packages/cli": {
      "name": "@vibeguard/cli",
      "version": "0.1.0",
      "bin": {
        "vibeguard": "src/index.ts"
      }
    },
    "packages/core": {
      "name": "@vibeguard/core",
      "version": "0.1.0"
    },
    "packages/output": {
      "name": "@vibeguard/output",
      "version": "0.1.0"
    },
    "packages/scanners": {
      "name": "@vibeguard/scanners",
      "version": "0.1.0"
    }
  }
}
